# Code generated by scarb DO NOT EDIT.
version = 1

[[package]]
name = "openzeppelin_access"
version = "4.0.1"
source = "registry+https://scarbs.xyz/"
checksum = "sha256:a543c537fffbaecf8a5110e7ccd442398279b01821cc336d13d755693a285458"
dependencies = [
 "openzeppelin_interfaces",
 "openzeppelin_introspection",
]

[[package]]
name = "openzeppelin_interfaces"
version = "2.2.0"
source = "registry+https://scarbs.xyz/"
checksum = "sha256:200679b2fc9d477ad09fff53d86ba737a1e0595f583f8c3cf3dd14290cd05ef5"

[[package]]
name = "openzeppelin_introspection"
version = "4.0.1"
source = "registry+https://scarbs.xyz/"
checksum = "sha256:087017ddb37b430704470a042c0d358a3e33098ac277b7f783dfb6cddbd4ad23"
dependencies = [
 "openzeppelin_interfaces",
]

[[package]]
name = "openzeppelin_merkle_tree"
version = "4.0.1"
source = "registry+https://scarbs.xyz/"
checksum = "sha256:4190aa7221eb94a693063880e13a4e8a6ec14d2758fbfb569964f8f0b03c45a7"

[[package]]
name = "openzeppelin_token"
version = "4.0.1"
source = "registry+https://scarbs.xyz/"
checksum = "sha256:bb435fb6b252ee54ccd93b8c793a9f5699e0711828634ae489dd6342eaeb6302"
dependencies = [
 "openzeppelin_access",
 "openzeppelin_interfaces",
 "openzeppelin_introspection",
 "openzeppelin_utils",
]

[[package]]
name = "openzeppelin_utils"
version = "2.2.0"
source = "registry+https://scarbs.xyz/"
checksum = "sha256:a72fa07988980781999dde2fe3a9ffe2c7a537ed0590795718aeaae3054be95f"
dependencies = [
 "openzeppelin_interfaces",
]

[[package]]
name = "pop_protocol"
version = "1.0.0"
dependencies = [
 "openzeppelin_interfaces",
 "openzeppelin_introspection",
 "openzeppelin_merkle_tree",
 "openzeppelin_token",
 "snforge_std",
]

[[package]]
name = "snforge_scarb_plugin"
version = "0.59.0"
source = "registry+https://scarbs.xyz/"
checksum = "sha256:871fba677c03b66a1bf40815dac0ab1b385eb1b9be6e6c3cf2ad9788eeb2b6bb"

[[package]]
name = "snforge_std"
version = "0.59.0"
source = "registry+https://scarbs.xyz/"
checksum = "sha256:3620924fa08bd2d740b2b5b01ef86c8dab3d4b9c2206387c8dbdc8d2ec15133e"
dependencies = [
 "snforge_scarb_plugin",
]
